// !$*UTF8*$!
{
	archiveVersion = 1;
	classes = {
	};
	objectVersion = 55;
	objects = {

/* Begin PBXBuildFile section */
		C902AFAF28D0687200948173 /* GTDGradientView.swift in Sources */ = {isa = PBXBuildFile; fileRef = C902AFAE28D0687200948173 /* GTDGradientView.swift */; };
		C928B0DE28C8B5D500A34CF6 /* AppDelegate.swift in Sources */ = {isa = PBXBuildFile; fileRef = C928B0DD28C8B5D500A34CF6 /* AppDelegate.swift */; };
		C928B0E028C8B5D500A34CF6 /* SceneDelegate.swift in Sources */ = {isa = PBXBuildFile; fileRef = C928B0DF28C8B5D500A34CF6 /* SceneDelegate.swift */; };
		C928B0E828C8B5D500A34CF6 /* GetThingsDone.xcdatamodeld in Sources */ = {isa = PBXBuildFile; fileRef = C928B0E628C8B5D500A34CF6 /* GetThingsDone.xcdatamodeld */; };
		C928B0EA28C8B5D600A34CF6 /* Assets.xcassets in Resources */ = {isa = PBXBuildFile; fileRef = C928B0E928C8B5D600A34CF6 /* Assets.xcassets */; };
		C928B0ED28C8B5D600A34CF6 /* LaunchScreen.storyboard in Resources */ = {isa = PBXBuildFile; fileRef = C928B0EB28C8B5D600A34CF6 /* LaunchScreen.storyboard */; };
		C928B0FC28C8B83900A34CF6 /* TodoListViewController.swift in Sources */ = {isa = PBXBuildFile; fileRef = C928B0FB28C8B83900A34CF6 /* TodoListViewController.swift */; };
		C928B0FF28C8B8E700A34CF6 /* AppCoordinator.swift in Sources */ = {isa = PBXBuildFile; fileRef = C928B0FE28C8B8E700A34CF6 /* AppCoordinator.swift */; };
		C928B10228C8C14100A34CF6 /* WelcomeViewController.swift in Sources */ = {isa = PBXBuildFile; fileRef = C928B10128C8C14100A34CF6 /* WelcomeViewController.swift */; };
		C928B10428C8C18C00A34CF6 /* WelcomeCoordinator.swift in Sources */ = {isa = PBXBuildFile; fileRef = C928B10328C8C18C00A34CF6 /* WelcomeCoordinator.swift */; };
/* End PBXBuildFile section */

/* Begin PBXFileReference section */
		C902AFAE28D0687200948173 /* GTDGradientView.swift */ = {isa = PBXFileReference; lastKnownFileType = sourcecode.swift; path = GTDGradientView.swift; sourceTree = "<group>"; };
		C928B0DA28C8B5D500A34CF6 /* GetThingsDone.app */ = {isa = PBXFileReference; explicitFileType = wrapper.application; includeInIndex = 0; path = GetThingsDone.app; sourceTree = BUILT_PRODUCTS_DIR; };
		C928B0DD28C8B5D500A34CF6 /* AppDelegate.swift */ = {isa = PBXFileReference; lastKnownFileType = sourcecode.swift; path = AppDelegate.swift; sourceTree = "<group>"; };
		C928B0DF28C8B5D500A34CF6 /* SceneDelegate.swift */ = {isa = PBXFileReference; lastKnownFileType = sourcecode.swift; path = SceneDelegate.swift; sourceTree = "<group>"; };
		C928B0E728C8B5D500A34CF6 /* GetThingsDone.xcdatamodel */ = {isa = PBXFileReference; lastKnownFileType = wrapper.xcdatamodel; path = GetThingsDone.xcdatamodel; sourceTree = "<group>"; };
		C928B0E928C8B5D600A34CF6 /* Assets.xcassets */ = {isa = PBXFileReference; lastKnownFileType = folder.assetcatalog; path = Assets.xcassets; sourceTree = "<group>"; };
		C928B0EC28C8B5D600A34CF6 /* Base */ = {isa = PBXFileReference; lastKnownFileType = file.storyboard; name = Base; path = Base.lproj/LaunchScreen.storyboard; sourceTree = "<group>"; };
		C928B0EE28C8B5D600A34CF6 /* Info.plist */ = {isa = PBXFileReference; lastKnownFileType = text.plist.xml; name = Info.plist; path = "GetThingsDone/Supporting Files/Info.plist"; sourceTree = SOURCE_ROOT; };
		C928B0FB28C8B83900A34CF6 /* TodoListViewController.swift */ = {isa = PBXFileReference; lastKnownFileType = sourcecode.swift; path = TodoListViewController.swift; sourceTree = "<group>"; };
		C928B0FE28C8B8E700A34CF6 /* AppCoordinator.swift */ = {isa = PBXFileReference; lastKnownFileType = sourcecode.swift; path = AppCoordinator.swift; sourceTree = "<group>"; };
		C928B10128C8C14100A34CF6 /* WelcomeViewController.swift */ = {isa = PBXFileReference; lastKnownFileType = sourcecode.swift; path = WelcomeViewController.swift; sourceTree = "<group>"; };
		C928B10328C8C18C00A34CF6 /* WelcomeCoordinator.swift */ = {isa = PBXFileReference; lastKnownFileType = sourcecode.swift; path = WelcomeCoordinator.swift; sourceTree = "<group>"; };
/* End PBXFileReference section */

/* Begin PBXFrameworksBuildPhase section */
		C928B0D728C8B5D500A34CF6 /* Frameworks */ = {
			isa = PBXFrameworksBuildPhase;
			buildActionMask = 2147483647;
			files = (
			);
			runOnlyForDeploymentPostprocessing = 0;
		};
/* End PBXFrameworksBuildPhase section */

/* Begin PBXGroup section */
		C902AFAD28D0686200948173 /* Views */ = {
			isa = PBXGroup;
			children = (
				C902AFAE28D0687200948173 /* GTDGradientView.swift */,
			);
			path = Views;
			sourceTree = "<group>";
		};
		C928B0D128C8B5D500A34CF6 = {
			isa = PBXGroup;
			children = (
				C928B0DC28C8B5D500A34CF6 /* GetThingsDone */,
				C928B0DB28C8B5D500A34CF6 /* Products */,
			);
			sourceTree = "<group>";
		};
		C928B0DB28C8B5D500A34CF6 /* Products */ = {
			isa = PBXGroup;
			children = (
				C928B0DA28C8B5D500A34CF6 /* GetThingsDone.app */,
			);
			name = Products;
			sourceTree = "<group>";
		};
		C928B0DC28C8B5D500A34CF6 /* GetThingsDone */ = {
			isa = PBXGroup;
			children = (
				C928B0F428C8B62900A34CF6 /* Application Delegates */,
				C902AFAD28D0686200948173 /* Views */,
				C928B0FD28C8B8DC00A34CF6 /* Coordinators */,
				C928B0F928C8B68E00A34CF6 /* Modules */,
				C928B0F828C8B64800A34CF6 /* Core Data */,
				C928B0F528C8B63400A34CF6 /* Resources */,
				C928B0F728C8B64200A34CF6 /* Supporting Files */,
			);
			path = GetThingsDone;
			sourceTree = "<group>";
		};
		C928B0F428C8B62900A34CF6 /* Application Delegates */ = {
			isa = PBXGroup;
			children = (
				C928B0DD28C8B5D500A34CF6 /* AppDelegate.swift */,
				C928B0DF28C8B5D500A34CF6 /* SceneDelegate.swift */,
			);
			path = "Application Delegates";
			sourceTree = "<group>";
		};
		C928B0F528C8B63400A34CF6 /* Resources */ = {
			isa = PBXGroup;
			children = (
				C928B0E928C8B5D600A34CF6 /* Assets.xcassets */,
			);
			path = Resources;
			sourceTree = "<group>";
		};
		C928B0F728C8B64200A34CF6 /* Supporting Files */ = {
			isa = PBXGroup;
			children = (
				C928B0EB28C8B5D600A34CF6 /* LaunchScreen.storyboard */,
				C928B0EE28C8B5D600A34CF6 /* Info.plist */,
			);
			path = "Supporting Files";
			sourceTree = "<group>";
		};
		C928B0F828C8B64800A34CF6 /* Core Data */ = {
			isa = PBXGroup;
			children = (
				C928B0E628C8B5D500A34CF6 /* GetThingsDone.xcdatamodeld */,
			);
			path = "Core Data";
			sourceTree = "<group>";
		};
		C928B0F928C8B68E00A34CF6 /* Modules */ = {
			isa = PBXGroup;
			children = (
				C928B10028C8C13700A34CF6 /* Welcome */,
				C928B0FA28C8B81100A34CF6 /* Todo List */,
			);
			path = Modules;
			sourceTree = "<group>";
		};
		C928B0FA28C8B81100A34CF6 /* Todo List */ = {
			isa = PBXGroup;
			children = (
				C928B0FB28C8B83900A34CF6 /* TodoListViewController.swift */,
			);
			path = "Todo List";
			sourceTree = "<group>";
		};
		C928B0FD28C8B8DC00A34CF6 /* Coordinators */ = {
			isa = PBXGroup;
			children = (
				C928B0FE28C8B8E700A34CF6 /* AppCoordinator.swift */,
				C928B10328C8C18C00A34CF6 /* WelcomeCoordinator.swift */,
			);
			path = Coordinators;
			sourceTree = "<group>";
		};
		C928B10028C8C13700A34CF6 /* Welcome */ = {
			isa = PBXGroup;
			children = (
				C928B10128C8C14100A34CF6 /* WelcomeViewController.swift */,
			);
			path = Welcome;
			sourceTree = "<group>";
		};
/* End PBXGroup section */

/* Begin PBXNativeTarget section */
		C928B0D928C8B5D500A34CF6 /* GetThingsDone */ = {
			isa = PBXNativeTarget;
			buildConfigurationList = C928B0F128C8B5D600A34CF6 /* Build configuration list for PBXNativeTarget "GetThingsDone" */;
			buildPhases = (
				C928B0D628C8B5D500A34CF6 /* Sources */,
				C928B0D728C8B5D500A34CF6 /* Frameworks */,
				C928B0D828C8B5D500A34CF6 /* Resources */,
			);
			buildRules = (
			);
			dependencies = (
			);
			name = GetThingsDone;
			productName = GetThingsDone;
			productReference = C928B0DA28C8B5D500A34CF6 /* GetThingsDone.app */;
			productType = "com.apple.product-type.application";
		};
/* End PBXNativeTarget section */

/* Begin PBXProject section */
		C928B0D228C8B5D500A34CF6 /* Project object */ = {
			isa = PBXProject;
			attributes = {
				BuildIndependentTargetsInParallel = 1;
				LastSwiftUpdateCheck = 1340;
				LastUpgradeCheck = 1340;
				TargetAttributes = {
					C928B0D928C8B5D500A34CF6 = {
						CreatedOnToolsVersion = 13.4.1;
					};
				};
			};
			buildConfigurationList = C928B0D528C8B5D500A34CF6 /* Build configuration list for PBXProject "GetThingsDone" */;
			compatibilityVersion = "Xcode 13.0";
			developmentRegion = en;
			hasScannedForEncodings = 0;
			knownRegions = (
				en,
				Base,
			);
			mainGroup = C928B0D128C8B5D500A34CF6;
			productRefGroup = C928B0DB28C8B5D500A34CF6 /* Products */;
			projectDirPath = "";
			projectRoot = "";
			targets = (
				C928B0D928C8B5D500A34CF6 /* GetThingsDone */,
			);
		};
/* End PBXProject section */

/* Begin PBXResourcesBuildPhase section */
		C928B0D828C8B5D500A34CF6 /* Resources */ = {
			isa = PBXResourcesBuildPhase;
			buildActionMask = 2147483647;
			files = (
				C928B0ED28C8B5D600A34CF6 /* LaunchScreen.storyboard in Resources */,
				C928B0EA28C8B5D600A34CF6 /* Assets.xcassets in Resources */,
			);
			runOnlyForDeploymentPostprocessing = 0;
		};
/* End PBXResourcesBuildPhase section */

/* Begin PBXSourcesBuildPhase section */
		C928B0D628C8B5D500A34CF6 /* Sources */ = {
			isa = PBXSourcesBuildPhase;
			buildActionMask = 2147483647;
			files = (
				C928B0FC28C8B83900A34CF6 /* TodoListViewController.swift in Sources */,
				C902AFAF28D0687200948173 /* GTDGradientView.swift in Sources */,
				C928B0E828C8B5D500A34CF6 /* GetThingsDone.xcdatamodeld in Sources */,
				C928B0FF28C8B8E700A34CF6 /* AppCoordinator.swift in Sources */,
				C928B10428C8C18C00A34CF6 /* WelcomeCoordinator.swift in Sources */,
				C928B10228C8C14100A34CF6 /* WelcomeViewController.swift in Sources */,
				C928B0DE28C8B5D500A34CF6 /* AppDelegate.swift in Sources */,
				C928B0E028C8B5D500A34CF6 /* SceneDelegate.swift in Sources */,
			);
			runOnlyForDeploymentPostprocessing = 0;
		};
/* End PBXSourcesBuildPhase section */

/* Begin PBXVariantGroup section */
		C928B0EB28C8B5D600A34CF6 /* LaunchScreen.storyboard */ = {
			isa = PBXVariantGroup;
			children = (
				C928B0EC28C8B5D600A34CF6 /* Base */,
			);
			name = LaunchScreen.storyboard;
			sourceTree = "<group>";
		};
/* End PBXVariantGroup section */

/* Begin XCBuildConfiguration section */
		C928B0EF28C8B5D600A34CF6 /* Debug */ = {
			isa = XCBuildConfiguration;
			buildSettings = {
				ALWAYS_SEARCH_USER_PATHS = NO;
				CLANG_ANALYZER_NONNULL = YES;
				CLANG_ANALYZER_NUMBER_OBJECT_CONVERSION = YES_AGGRESSIVE;
				CLANG_CXX_LANGUAGE_STANDARD = "gnu++17";
				CLANG_ENABLE_MODULES = YES;
				CLANG_ENABLE_OBJC_ARC = YES;
				CLANG_ENABLE_OBJC_WEAK = YES;
				CLANG_WARN_BLOCK_CAPTURE_AUTORELEASING = YES;
				CLANG_WARN_BOOL_CONVERSION = YES;
				CLANG_WARN_COMMA = YES;
				CLANG_WARN_CONSTANT_CONVERSION = YES;
				CLANG_WARN_DEPRECATED_OBJC_IMPLEMENTATIONS = YES;
				CLANG_WARN_DIRECT_OBJC_ISA_USAGE = YES_ERROR;
				CLANG_WARN_DOCUMENTATION_COMMENTS = YES;
				CLANG_WARN_EMPTY_BODY = YES;
				CLANG_WARN_ENUM_CONVERSION = YES;
				CLANG_WARN_INFINITE_RECURSION = YES;
				CLANG_WARN_INT_CONVERSION = YES;
				CLANG_WARN_NON_LITERAL_NULL_CONVERSION = YES;
				CLANG_WARN_OBJC_IMPLICIT_RETAIN_SELF = YES;
				CLANG_WARN_OBJC_LITERAL_CONVERSION = YES;
				CLANG_WARN_OBJC_ROOT_CLASS = YES_ERROR;
				CLANG_WARN_QUOTED_INCLUDE_IN_FRAMEWORK_HEADER = YES;
				CLANG_WARN_RANGE_LOOP_ANALYSIS = YES;
				CLANG_WARN_STRICT_PROTOTYPES = YES;
				CLANG_WARN_SUSPICIOUS_MOVE = YES;
				CLANG_WARN_UNGUARDED_AVAILABILITY = YES_AGGRESSIVE;
				CLANG_WARN_UNREACHABLE_CODE = YES;
				CLANG_WARN__DUPLICATE_METHOD_MATCH = YES;
				COPY_PHASE_STRIP = NO;
				DEBUG_INFORMATION_FORMAT = dwarf;
				ENABLE_STRICT_OBJC_MSGSEND = YES;
				ENABLE_TESTABILITY = YES;
				GCC_C_LANGUAGE_STANDARD = gnu11;
				GCC_DYNAMIC_NO_PIC = NO;
				GCC_NO_COMMON_BLOCKS = YES;
				GCC_OPTIMIZATION_LEVEL = 0;
				GCC_PREPROCESSOR_DEFINITIONS = (
					"DEBUG=1",
					"$(inherited)",
				);
				GCC_WARN_64_TO_32_BIT_CONVERSION = YES;
				GCC_WARN_ABOUT_RETURN_TYPE = YES_ERROR;
				GCC_WARN_UNDECLARED_SELECTOR = YES;
				GCC_WARN_UNINITIALIZED_AUTOS = YES_AGGRESSIVE;
				GCC_WARN_UNUSED_FUNCTION = YES;
				GCC_WARN_UNUSED_VARIABLE = YES;
				IPHONEOS_DEPLOYMENT_TARGET = 15.5;
				MTL_ENABLE_DEBUG_INFO = INCLUDE_SOURCE;
				MTL_FAST_MATH = YES;
				ONLY_ACTIVE_ARCH = YES;
				SDKROOT = iphoneos;
				SWIFT_ACTIVE_COMPILATION_CONDITIONS = DEBUG;
				SWIFT_OPTIMIZATION_LEVEL = "-Onone";
			};
			name = Debug;
		};
		C928B0F028C8B5D600A34CF6 /* Release */ = {
			isa = XCBuildConfiguration;
			buildSettings = {
				ALWAYS_SEARCH_USER_PATHS = NO;
				CLANG_ANALYZER_NONNULL = YES;
				CLANG_ANALYZER_NUMBER_OBJECT_CONVERSION = YES_AGGRESSIVE;
				CLANG_CXX_LANGUAGE_STANDARD = "gnu++17";
				CLANG_ENABLE_MODULES = YES;
				CLANG_ENABLE_OBJC_ARC = YES;
				CLANG_ENABLE_OBJC_WEAK = YES;
				CLANG_WARN_BLOCK_CAPTURE_AUTORELEASING = YES;
				CLANG_WARN_BOOL_CONVERSION = YES;
				CLANG_WARN_COMMA = YES;
				CLANG_WARN_CONSTANT_CONVERSION = YES;
				CLANG_WARN_DEPRECATED_OBJC_IMPLEMENTATIONS = YES;
				CLANG_WARN_DIRECT_OBJC_ISA_USAGE = YES_ERROR;
				CLANG_WARN_DOCUMENTATION_COMMENTS = YES;
				CLANG_WARN_EMPTY_BODY = YES;
				CLANG_WARN_ENUM_CONVERSION = YES;
				CLANG_WARN_INFINITE_RECURSION = YES;
				CLANG_WARN_INT_CONVERSION = YES;
				CLANG_WARN_NON_LITERAL_NULL_CONVERSION = YES;
				CLANG_WARN_OBJC_IMPLICIT_RETAIN_SELF = YES;
				CLANG_WARN_OBJC_LITERAL_CONVERSION = YES;
				CLANG_WARN_OBJC_ROOT_CLASS = YES_ERROR;
				CLANG_WARN_QUOTED_INCLUDE_IN_FRAMEWORK_HEADER = YES;
				CLANG_WARN_RANGE_LOOP_ANALYSIS = YES;
				CLANG_WARN_STRICT_PROTOTYPES = YES;
				CLANG_WARN_SUSPICIOUS_MOVE = YES;
				CLANG_WARN_UNGUARDED_AVAILABILITY = YES_AGGRESSIVE;
				CLANG_WARN_UNREACHABLE_CODE = YES;
				CLANG_WARN__DUPLICATE_METHOD_MATCH = YES;
				COPY_PHASE_STRIP = NO;
				DEBUG_INFORMATION_FORMAT = "dwarf-with-dsym";
				ENABLE_NS_ASSERTIONS = NO;
				ENABLE_STRICT_OBJC_MSGSEND = YES;
				GCC_C_LANGUAGE_STANDARD = gnu11;
				GCC_NO_COMMON_BLOCKS = YES;
				GCC_WARN_64_TO_32_BIT_CONVERSION = YES;
				GCC_WARN_ABOUT_RETURN_TYPE = YES_ERROR;
				GCC_WARN_UNDECLARED_SELECTOR = YES;
				GCC_WARN_UNINITIALIZED_AUTOS = YES_AGGRESSIVE;
				GCC_WARN_UNUSED_FUNCTION = YES;
				GCC_WARN_UNUSED_VARIABLE = YES;
				IPHONEOS_DEPLOYMENT_TARGET = 15.5;
				MTL_ENABLE_DEBUG_INFO = NO;
				MTL_FAST_MATH = YES;
				SDKROOT = iphoneos;
				SWIFT_COMPILATION_MODE = wholemodule;
				SWIFT_OPTIMIZATION_LEVEL = "-O";
				VALIDATE_PRODUCT = YES;
			};
			name = Release;
		};
		C928B0F228C8B5D600A34CF6 /* Debug */ = {
			isa = XCBuildConfiguration;
			buildSettings = {
				ASSETCATALOG_COMPILER_APPICON_NAME = AppIcon;
				ASSETCATALOG_COMPILER_GLOBAL_ACCENT_COLOR_NAME = AccentColor;
				CODE_SIGN_STYLE = Automatic;
				CURRENT_PROJECT_VERSION = 1;
				GENERATE_INFOPLIST_FILE = YES;
				INFOPLIST_FILE = "GetThingsDone/Supporting Files/Info.plist";
				INFOPLIST_KEY_UIApplicationSupportsIndirectInputEvents = YES;
				INFOPLIST_KEY_UILaunchStoryboardName = LaunchScreen;
				INFOPLIST_KEY_UIMainStoryboardFile = "";
				INFOPLIST_KEY_UISupportedInterfaceOrientations_iPad = "UIInterfaceOrientationPortrait UIInterfaceOrientationPortraitUpsideDown UIInterfaceOrientationLandscapeLeft UIInterfaceOrientationLandscapeRight";
				INFOPLIST_KEY_UISupportedInterfaceOrientations_iPhone = "UIInterfaceOrientationPortrait UIInterfaceOrientationLandscapeLeft UIInterfaceOrientationLandscapeRight";
				IPHONEOS_DEPLOYMENT_TARGET = 15.0;
				LD_RUNPATH_SEARCH_PATHS = (
					"$(inherited)",
					"@executable_path/Frameworks",
				);
				MARKETING_VERSION = 1.0;
				PRODUCT_BUNDLE_IDENTIFIER = com.jlcs.GetThingsDone;
				PRODUCT_NAME = "$(TARGET_NAME)";
				SWIFT_EMIT_LOC_STRINGS = YES;
				SWIFT_VERSION = 5.0;
				TARGETED_DEVICE_FAMILY = 1;
			};
			name = Debug;
		};
		C928B0F328C8B5D600A34CF6 /* Release */ = {
			isa = XCBuildConfiguration;
			buildSettings = {
				ASSETCATALOG_COMPILER_APPICON_NAME = AppIcon;
				ASSETCATALOG_COMPILER_GLOBAL_ACCENT_COLOR_NAME = AccentColor;
				CODE_SIGN_STYLE = Automatic;
				CURRENT_PROJECT_VERSION = 1;
				GENERATE_INFOPLIST_FILE = YES;
				INFOPLIST_FILE = "GetThingsDone/Supporting Files/Info.plist";
				INFOPLIST_KEY_UIApplicationSupportsIndirectInputEvents = YES;
				INFOPLIST_KEY_UILaunchStoryboardName = LaunchScreen;
				INFOPLIST_KEY_UIMainStoryboardFile = "";
				INFOPLIST_KEY_UISupportedInterfaceOrientations_iPad = "UIInterfaceOrientationPortrait UIInterfaceOrientationPortraitUpsideDown UIInterfaceOrientationLandscapeLeft UIInterfaceOrientationLandscapeRight";
				INFOPLIST_KEY_UISupportedInterfaceOrientations_iPhone = "UIInterfaceOrientationPortrait UIInterfaceOrientationLandscapeLeft UIInterfaceOrientationLandscapeRight";
				IPHONEOS_DEPLOYMENT_TARGET = 15.0;
				LD_RUNPATH_SEARCH_PATHS = (
					"$(inherited)",
					"@executable_path/Frameworks",
				);
				MARKETING_VERSION = 1.0;
				PRODUCT_BUNDLE_IDENTIFIER = com.jlcs.GetThingsDone;
				PRODUCT_NAME = "$(TARGET_NAME)";
				SWIFT_EMIT_LOC_STRINGS = YES;
				SWIFT_VERSION = 5.0;
				TARGETED_DEVICE_FAMILY = 1;
			};
			name = Release;
		};
/* End XCBuildConfiguration section */

/* Begin XCConfigurationList section */
		C928B0D528C8B5D500A34CF6 /* Build configuration list for PBXProject "GetThingsDone" */ = {
			isa = XCConfigurationList;
			buildConfigurations = (
				C928B0EF28C8B5D600A34CF6 /* Debug */,
				C928B0F028C8B5D600A34CF6 /* Release */,
			);
			defaultConfigurationIsVisible = 0;
			defaultConfigurationName = Release;
		};
		C928B0F128C8B5D600A34CF6 /* Build configuration list for PBXNativeTarget "GetThingsDone" */ = {
			isa = XCConfigurationList;
			buildConfigurations = (
				C928B0F228C8B5D600A34CF6 /* Debug */,
				C928B0F328C8B5D600A34CF6 /* Release */,
			);
			defaultConfigurationIsVisible = 0;
			defaultConfigurationName = Release;
		};
/* End XCConfigurationList section */

/* Begin XCVersionGroup section */
		C928B0E628C8B5D500A34CF6 /* GetThingsDone.xcdatamodeld */ = {
			isa = XCVersionGroup;
			children = (
				C928B0E728C8B5D500A34CF6 /* GetThingsDone.xcdatamodel */,
			);
			currentVersion = C928B0E728C8B5D500A34CF6 /* GetThingsDone.xcdatamodel */;
			path = GetThingsDone.xcdatamodeld;
			sourceTree = "<group>";
			versionGroupType = wrapper.xcdatamodel;
		};
/* End XCVersionGroup section */
	};
	rootObject = C928B0D228C8B5D500A34CF6 /* Project object */;
}
